# yaml-language-server: $schema=../../../schemas/io/rename_move_plan.schema.json
fixture_metadata:
  name: same_path_different_object_block
  fixture_class: same_path_different_object
  scenario: Save-conflict recovery sees the same presentation path now resolve to a different canonical object, so the proposed move is blocked as wrong-target prevention.
  expected_next_safe_action: block_and_explain
record_kind: rename_move_plan_record
io_rename_move_plan_schema_version: 1
plan_id: move.plan.same_path.different_object.0001
emitted_at: "2026-04-29T13:40:00Z"
initiating_surface: save_conflict
operation_intent: move
current_presentation_path:
  uri: "file:///workspace/app/config.yaml"
  display_label: config.yaml
  root_badge: local
proposed_presentation_path:
  uri: "file:///workspace/app/config.yaml"
  display_label: config.yaml
  root_badge: local
logical_workspace_identity:
  workspace_id: workspace.local.demo
  root_id: root.local.workspace
  logical_uri: "workspace://local-demo/app/config.yaml"
  trust_state: trusted
  policy_scope: local_user
current_canonical_object:
  canonical_uri: "file:///workspace/app/config.yaml"
  root_class: local_posix_like
  normalization_form: nfc
  object_identity_token:
    kind: device_inode_generation
    value: "dev:1/ino:300/gen:4"
    strength: exact
  fallback_identity_tokens:
    - kind: content_hash_only
      value: "sha256:config-before"
      strength: heuristic
  alias_set: []
proposed_canonical_effect:
  effect_class: ambiguous_same_path_different_object
  object_relation_after: same_path_different_object
  canonical_uri_after: "file:///workspace/app/config.yaml"
  identity_token_after:
    kind: device_inode_generation
    value: "dev:1/ino:944/gen:1"
    strength: exact
  implication_summary: The visible path is unchanged, but the current root reports a different canonical object token than the staged plan expected.
capability_context:
  source_root:
    root_id: root.local.workspace
    root_class: local_posix_like
    case_sensitivity: sensitive
    unicode_normalization: nfc
    supports_atomic_rename: true
    supports_in_place_rename: true
    supports_copy_delete_transfer: true
    supports_conditional_remote_move: false
    supports_alias_detach: false
    supports_generated_relation_update: false
    identity_token_strength: exact
    watcher_state: degraded
    read_only: false
    policy_constrained: false
    symlink_escape_policy: warn
  target_root:
    root_id: root.local.workspace
    root_class: local_posix_like
    case_sensitivity: sensitive
    unicode_normalization: nfc
    supports_atomic_rename: true
    supports_in_place_rename: true
    supports_copy_delete_transfer: true
    supports_conditional_remote_move: false
    supports_alias_detach: false
    supports_generated_relation_update: false
    identity_token_strength: exact
    watcher_state: degraded
    read_only: false
    policy_constrained: false
    symlink_escape_policy: warn
  same_root: true
  cross_root_transfer_class: same_root
  required_capability_checks:
    - canonical_identity_refresh
    - rollback_checkpoint_available
    - policy_epoch
  recompute_required_before_apply: false
review_gate:
  review_required: true
  reviewer_blocking: true
  review_surface_class: save_conflict_review
  review_reason_codes:
    - same_path_different_object
    - canonical_object_drift
    - save_conflict_reconciliation
    - root_capability_degraded
  preview_ref: review.save_conflict.same_path.preview
  review_ref: review.save_conflict.same_path
  stale_plan_blocks_apply: true
policy_trust_boundary_notes:
  - boundary_class: none
    summary: Policy scope is unchanged; the block is due to canonical object drift at the same presentation path.
    policy_decision_ref: null
rollback_posture:
  checkpoint_class: not_required_no_write
  rollback_class: no_mutation
  checkpoint_ref: null
  journal_ref: audit.move.same_path.different_object.blocked.0001
  rollback_summary: No mutation is issued because the same visible path now names a different canonical object.
next_safe_action:
  action: block_and_explain
  mutation_authority: no_write_blocked
  requires_user_confirmation: false
  action_summary: Block the move and show wrong-target details; the user may open a diff or save elsewhere from the save-conflict review.
  followup_refs:
    - review.save_conflict.same_path
silent_best_effort_forbidden: true
parity_requirements:
  vocabulary_version: 1
  surfaces:
    - save_conflict_review
    - file_tree
    - breadcrumb
    - cli
    - support_export
  required_shared_fields:
    - plan_id
    - operation_intent
    - current_presentation_path
    - proposed_presentation_path
    - logical_workspace_identity
    - current_canonical_object
    - proposed_canonical_effect
    - capability_context
    - review_gate
    - rollback_posture
    - next_safe_action
    - silent_best_effort_forbidden
    - parity_requirements
    - redaction_policy
  one_vocabulary_for_all_surfaces: true
  no_surface_local_fallbacks: true
support_export:
  packet_family: io.rename_move_plan
  redaction_policy: support_redact_paths_default
  diagnostic_summary: Same-path move is blocked because the unchanged presentation path resolves to a different canonical object token.
  saved_packet_fields:
    - plan_id
    - operation_intent
    - current_presentation_path
    - proposed_presentation_path
    - logical_workspace_identity
    - current_canonical_object
    - proposed_canonical_effect
    - capability_context
    - review_gate
    - rollback_posture
    - next_safe_action
    - silent_best_effort_forbidden
    - parity_requirements
    - redaction_policy
  parity_signature: "sha256:rename-move-same-path-different-object"
