# This file is automatically @generated by Cargo.
# It is not intended for manual editing.
version = 3

[[package]]
name = "aureline-bench"
version = "0.0.0"

[[package]]
name = "aureline-build-info"
version = "0.0.0"

[[package]]
name = "aureline-buffer"
version = "0.0.0"

[[package]]
name = "aureline-render"
version = "0.0.0"

[[package]]
name = "aureline-rpc"
version = "0.0.0"

[[package]]
name = "aureline-shell-spike"
version = "0.0.0"

[[package]]
name = "aureline-telemetry"
version = "0.0.0"

[[package]]
name = "aureline-text"
version = "0.0.0"

[[package]]
name = "aureline-vfs"
version = "0.0.0"
