# yaml-language-server: $schema=../../../schemas/files/save_fallback_detail.schema.json
fixture_metadata:
  name: archive_backed_edit_block
  scenario: >-
    A user opens a file inside an archive overlay (a .zip mount surfaced
    as a virtual root) and tries to edit it. atomic_replace_availability
    is unavailable_blocked, compare_before_write_posture is
    unavailable_blocks, and crash_journal_guarantee is unavailable_blocks
    because no write may land. The recovery surface is
    archive_inspect_only_handoff, offering save_as (extract to a writable
    root) and open_external_handoff (open in OS archive viewer); every
    write-class action is forbidden.
  spec_axis: archive_backed_edit_block
record_kind: save_fallback_detail_row
schema_version: 1
record_id: files.save_fallback.archive_backed_edit_block.0001
emitted_at: "2026-04-30T12:15:00Z"
save_target_token_ref: save.packet.archive_backed_edit_block.0001
presentation_path:
  uri: "archive:///workspace/release.zip!/notes/CHANGELOG.md"
  display_label: CHANGELOG.md
  root_badge: archive
canonical_object_identity:
  canonical_uri: "archive:///workspace/release.zip!/notes/CHANGELOG.md"
  root_class: archive_like_view
  normalization_form: nfc
  object_identity_token:
    kind: content_hash_only
    value: "sha256:archive-changelog-bytes"
  fallback_identity_tokens: []
root_class: archive_like_view
atomic_replace_availability: unavailable_blocked
metadata_preservation:
  posix_mode_preservation: not_applicable_on_root
  posix_owner_group_preservation: not_applicable_on_root
  xattr_preservation: not_applicable_on_root
  acl_preservation: not_applicable_on_root
  alternate_data_stream_preservation: not_applicable_on_root
  executable_bit_preservation: not_applicable_on_root
  file_times_preservation: unknown
  sparseness_preservation: not_applicable_on_root
  resource_fork_preservation: not_applicable_on_root
compare_before_write_posture: unavailable_blocks
crash_journal_guarantee: unavailable_blocks
watch_fidelity_ref: files.watch_fidelity.archive.changelog.0001
save_guarantee_class: read_only_mount
degraded_guarantee_disclosed: true
recovery_surface:
  record_kind: recovery_surface_record
  schema_version: 1
  surface_kind: archive_inspect_only_handoff
  subject:
    presentation_path:
      uri: "archive:///workspace/release.zip!/notes/CHANGELOG.md"
      display_label: CHANGELOG.md
      root_badge: archive
    canonical_object_identity:
      canonical_uri: "archive:///workspace/release.zip!/notes/CHANGELOG.md"
      root_class: archive_like_view
      normalization_form: nfc
      object_identity_token:
        kind: content_hash_only
        value: "sha256:archive-changelog-bytes"
    root_class: archive_like_view
    target_root_class: null
  preserves_object_identity: true
  preserves_root_class: true
  offered_actions:
    - save_as
    - open_external_handoff
    - cancel
  default_action: save_as
  forbidden_actions:
    - action: overwrite
      reason: archive_inspect_only_root
    - action: reload
      reason: archive_inspect_only_root
    - action: merge
      reason: archive_inspect_only_root
    - action: retry
      reason: archive_inspect_only_root
  disclosure_text_ref: disclosure.archive_backed_edit_block.0001
  support_export:
    packet_family: files.recovery_surface
    redaction_policy: support_redact_paths_default
    parity_signature: "sha256:recovery-archive-inspect-only"
support_export:
  packet_family: files.save_fallback_detail
  redaction_policy: support_redact_paths_default
  included_fields:
    - record_id
    - save_target_token_ref
    - presentation_path
    - canonical_object_identity
    - root_class
    - atomic_replace_availability
    - metadata_preservation
    - compare_before_write_posture
    - crash_journal_guarantee
    - watch_fidelity_ref
    - save_guarantee_class
    - degraded_guarantee_disclosed
    - recovery_surface
  metadata_notes: null
  parity_signature: "sha256:save-fallback-archive-inspect-only"
---
# yaml-language-server: $schema=../../../schemas/files/watch_fidelity_state.schema.json
record_kind: watch_fidelity_state_record
schema_version: 1
record_id: files.watch_fidelity.archive.changelog.0001
observed_at: "2026-04-30T12:15:00Z"
state: manual_refresh_only
watcher_source: archive_static_snapshot
reduced_fidelity_reason: null
polling_interval_seconds: null
lagging_downstream_truths:
  - external_change_detection
  - file_tree_row_freshness
  - quick_open_results
  - search_index_freshness
  - autosave_correctness_floor
  - metadata_attribute_freshness
root_class: archive_like_view
presentation_path_ref: presentation.archive.changelog
canonical_object_ref: canonical.archive.changelog
last_proven_consistent_at: "2026-04-30T12:14:59Z"
support_export:
  packet_family: files.watch_fidelity_state
  redaction_policy: support_redact_paths_default
  parity_signature: "sha256:watch-fidelity-archive-static"
